
Microsoft Visual Studio Solution File, Format Version 12.00
# Visual Studio Version 17
VisualStudioVersion = 17.9.34526.213
MinimumVisualStudioVersion = 10.0.40219.1
Project("{FAE04EC0-301F-11D3-BF4B-00C04F79EFBC}") = "Vertical.Blog.Api", "Vertical.Blog.Api\Vertical.Blog.Api.csproj", "{8E4F1FC3-22BA-400E-A96F-DB078A1DA63D}"
EndProject
Global
	GlobalSection(SolutionConfigurationPlatforms) = preSolution
		Debug|Any CPU = Debug|Any CPU
		Release|Any CPU = Release|Any CPU
	EndGlobalSection
	GlobalSection(ProjectConfigurationPlatforms) = postSolution
		{8E4F1FC3-22BA-400E-A96F-DB078A1DA63D}.Debug|Any CPU.ActiveCfg = Debug|Any CPU
		{8E4F1FC3-22BA-400E-A96F-DB078A1DA63D}.Debug|Any CPU.Build.0 = Debug|Any CPU
		{8E4F1FC3-22BA-400E-A96F-DB078A1DA63D}.Release|Any CPU.ActiveCfg = Release|Any CPU
		{8E4F1FC3-22BA-400E-A96F-DB078A1DA63D}.Release|Any CPU.Build.0 = Release|Any CPU
	EndGlobalSection
	GlobalSection(SolutionProperties) = preSolution
		HideSolutionNode = FALSE
	EndGlobalSection
	GlobalSection(ExtensibilityGlobals) = postSolution
		SolutionGuid = {F502BD2C-9EC8-4E41-843F-B1A66E3AB84E}
	EndGlobalSection
EndGlobal
